
Microsoft Visual Studio Solution File, Format Version 10.00
# Visual Studio 2008
Project("{FAE04EC0-301F-11D3-BF4B-00C04F79EFBC}") = "FFTPatcher", "FFTPatcher.csproj", "{48BE23D0-2943-44EF-A3A6-8537D7695B37}"
EndProject
Project("{FAE04EC0-301F-11D3-BF4B-00C04F79EFBC}") = "PatcherTests", "PatcherTests\PatcherTests.csproj", "{A89E9663-714F-4E42-9A53-443D1D9F342B}"
EndProject
Project("{2150E333-8FDC-42A3-9474-1A3956D46DE8}") = "Solution Items", "Solution Items", "{0762D3C8-AAD4-4EF3-AF00-F2A2B0AD964D}"
	ProjectSection(SolutionItems) = preProject
		changelog.txt = changelog.txt
		COPYING = COPYING
		gzip.exe = gzip.exe
		psp1.2.fftpatch = psp1.2.fftpatch
		psx1.2.fftpatch = psx1.2.fftpatch
		readme.txt = readme.txt
		zipResources.bat = zipResources.bat
	EndProjectSection
EndProject
Project("{2150E333-8FDC-42A3-9474-1A3956D46DE8}") = "fftpspext", "fftpspext", "{47407AA1-56F3-4400-942F-645239D286DD}"
	ProjectSection(SolutionItems) = preProject
		fftpspext\fftpspext.c = fftpspext\fftpspext.c
	EndProjectSection
EndProject
Project("{FAE04EC0-301F-11D3-BF4B-00C04F79EFBC}") = "ShishiSpriteEditor", "ShishiSpriteEditor\ShishiSpriteEditor.csproj", "{4017D65D-C72B-491E-B263-E12DB6537382}"
EndProject
Global
	GlobalSection(SolutionConfigurationPlatforms) = preSolution
		Debug|Any CPU = Debug|Any CPU
		Release|Any CPU = Release|Any CPU
	EndGlobalSection
	GlobalSection(ProjectConfigurationPlatforms) = postSolution
		{48BE23D0-2943-44EF-A3A6-8537D7695B37}.Debug|Any CPU.ActiveCfg = Release|Any CPU
		{48BE23D0-2943-44EF-A3A6-8537D7695B37}.Debug|Any CPU.Build.0 = Release|Any CPU
		{48BE23D0-2943-44EF-A3A6-8537D7695B37}.Release|Any CPU.ActiveCfg = Release|Any CPU
		{48BE23D0-2943-44EF-A3A6-8537D7695B37}.Release|Any CPU.Build.0 = Release|Any CPU
		{A89E9663-714F-4E42-9A53-443D1D9F342B}.Debug|Any CPU.ActiveCfg = Release|Any CPU
		{A89E9663-714F-4E42-9A53-443D1D9F342B}.Debug|Any CPU.Build.0 = Release|Any CPU
		{A89E9663-714F-4E42-9A53-443D1D9F342B}.Release|Any CPU.ActiveCfg = Release|Any CPU
		{A89E9663-714F-4E42-9A53-443D1D9F342B}.Release|Any CPU.Build.0 = Release|Any CPU
		{4017D65D-C72B-491E-B263-E12DB6537382}.Debug|Any CPU.ActiveCfg = Release|Any CPU
		{4017D65D-C72B-491E-B263-E12DB6537382}.Debug|Any CPU.Build.0 = Release|Any CPU
		{4017D65D-C72B-491E-B263-E12DB6537382}.Release|Any CPU.ActiveCfg = Release|Any CPU
		{4017D65D-C72B-491E-B263-E12DB6537382}.Release|Any CPU.Build.0 = Release|Any CPU
	EndGlobalSection
	GlobalSection(SolutionProperties) = preSolution
		HideSolutionNode = FALSE
	EndGlobalSection
EndGlobal
