
Microsoft Visual Studio Solution File, Format Version 9.00
# Visual Studio 2005
Project("{FAE04EC0-301F-11D3-BF4B-00C04F79EFBC}") = "LionEditor", "LionEditor\LionEditor.csproj", "{634BFD5F-2004-4C73-BDF4-D1BA836D31AD}"
EndProject
Project("{2150E333-8FDC-42A3-9474-1A3956D46DE8}") = "kernel", "kernel", "{D63D8F75-18B1-4844-B0BD-8DD8852EBEC3}"
	ProjectSection(SolutionItems) = preProject
		kernel\main.c = kernel\main.c
		kernel\main.h = kernel\main.h
		kernel\Makefile = kernel\Makefile
	EndProjectSection
EndProject
Global
	GlobalSection(SolutionConfigurationPlatforms) = preSolution
		Debug|Any CPU = Debug|Any CPU
		Release|Any CPU = Release|Any CPU
	EndGlobalSection
	GlobalSection(ProjectConfigurationPlatforms) = postSolution
		{634BFD5F-2004-4C73-BDF4-D1BA836D31AD}.Debug|Any CPU.ActiveCfg = Debug|Any CPU
		{634BFD5F-2004-4C73-BDF4-D1BA836D31AD}.Debug|Any CPU.Build.0 = Debug|Any CPU
		{634BFD5F-2004-4C73-BDF4-D1BA836D31AD}.Release|Any CPU.ActiveCfg = Release|Any CPU
		{634BFD5F-2004-4C73-BDF4-D1BA836D31AD}.Release|Any CPU.Build.0 = Release|Any CPU
	EndGlobalSection
	GlobalSection(SolutionProperties) = preSolution
		HideSolutionNode = FALSE
	EndGlobalSection
	GlobalSection(ExtensibilityGlobals) = postSolution
		VisualSVNWorkingCopyRoot = 
	EndGlobalSection
EndGlobal
