
Microsoft Visual Studio Solution File, Format Version 10.00
# Visual Studio 2008
Project("{FAE04EC0-301F-11D3-BF4B-00C04F79EFBC}") = "FFTPatcher", "FFTPatcher.csproj", "{48BE23D0-2943-44EF-A3A6-8537D7695B37}"
EndProject
Project("{FAE04EC0-301F-11D3-BF4B-00C04F79EFBC}") = "PatcherTests", "PatcherTests\PatcherTests.csproj", "{A89E9663-714F-4E42-9A53-443D1D9F342B}"
EndProject
Project("{2150E333-8FDC-42A3-9474-1A3956D46DE8}") = "Solution Items", "Solution Items", "{0762D3C8-AAD4-4EF3-AF00-F2A2B0AD964D}"
	ProjectSection(SolutionItems) = preProject
		changelog.txt = changelog.txt
		COPYING = COPYING
		gzip.exe = gzip.exe
		readme.txt = readme.txt
		sprites.txt = sprites.txt
		text.txt = text.txt
		zipResources.bat = zipResources.bat
	EndProjectSection
EndProject
Project("{2150E333-8FDC-42A3-9474-1A3956D46DE8}") = "fftpspext", "fftpspext", "{47407AA1-56F3-4400-942F-645239D286DD}"
	ProjectSection(SolutionItems) = preProject
		fftpspext\fftpspext.c = fftpspext\fftpspext.c
	EndProjectSection
EndProject
Project("{FAE04EC0-301F-11D3-BF4B-00C04F79EFBC}") = "ShishiSpriteEditor", "ShishiSpriteEditor\ShishiSpriteEditor.csproj", "{4017D65D-C72B-491E-B263-E12DB6537382}"
EndProject
Project("{FAE04EC0-301F-11D3-BF4B-00C04F79EFBC}") = "FFTactext", "FFTactext\FFTactext.csproj", "{210DDF20-2CEA-4A2C-B2C6-D2EB7938BEB2}"
EndProject
Project("{8BC9CEB8-8B4A-11D0-8D11-00A0C91BC942}") = "FFTTextCompression", "TextCompression\TextCompression.vcproj", "{8CE70FE1-C8EF-4E71-BDEB-8A56CC2C92BC}"
EndProject
Global
	GlobalSection(SolutionConfigurationPlatforms) = preSolution
		asd|Any CPU = asd|Any CPU
		asd|Mixed Platforms = asd|Mixed Platforms
		asd|Win32 = asd|Win32
		Debug|Any CPU = Debug|Any CPU
		Debug|Mixed Platforms = Debug|Mixed Platforms
		Debug|Win32 = Debug|Win32
		Release|Any CPU = Release|Any CPU
		Release|Mixed Platforms = Release|Mixed Platforms
		Release|Win32 = Release|Win32
	EndGlobalSection
	GlobalSection(ProjectConfigurationPlatforms) = postSolution
		{48BE23D0-2943-44EF-A3A6-8537D7695B37}.asd|Any CPU.ActiveCfg = asd|Any CPU
		{48BE23D0-2943-44EF-A3A6-8537D7695B37}.asd|Any CPU.Build.0 = asd|Any CPU
		{48BE23D0-2943-44EF-A3A6-8537D7695B37}.asd|Mixed Platforms.ActiveCfg = asd|Any CPU
		{48BE23D0-2943-44EF-A3A6-8537D7695B37}.asd|Mixed Platforms.Build.0 = asd|Any CPU
		{48BE23D0-2943-44EF-A3A6-8537D7695B37}.asd|Win32.ActiveCfg = asd|Any CPU
		{48BE23D0-2943-44EF-A3A6-8537D7695B37}.Debug|Any CPU.ActiveCfg = Debug|Any CPU
		{48BE23D0-2943-44EF-A3A6-8537D7695B37}.Debug|Any CPU.Build.0 = Debug|Any CPU
		{48BE23D0-2943-44EF-A3A6-8537D7695B37}.Debug|Mixed Platforms.ActiveCfg = Debug|Any CPU
		{48BE23D0-2943-44EF-A3A6-8537D7695B37}.Debug|Mixed Platforms.Build.0 = Debug|Any CPU
		{48BE23D0-2943-44EF-A3A6-8537D7695B37}.Debug|Win32.ActiveCfg = Debug|Any CPU
		{48BE23D0-2943-44EF-A3A6-8537D7695B37}.Release|Any CPU.ActiveCfg = Release|Any CPU
		{48BE23D0-2943-44EF-A3A6-8537D7695B37}.Release|Any CPU.Build.0 = Release|Any CPU
		{48BE23D0-2943-44EF-A3A6-8537D7695B37}.Release|Mixed Platforms.ActiveCfg = Release|Any CPU
		{48BE23D0-2943-44EF-A3A6-8537D7695B37}.Release|Mixed Platforms.Build.0 = Release|Any CPU
		{48BE23D0-2943-44EF-A3A6-8537D7695B37}.Release|Win32.ActiveCfg = Release|Any CPU
		{A89E9663-714F-4E42-9A53-443D1D9F342B}.asd|Any CPU.ActiveCfg = asd|Any CPU
		{A89E9663-714F-4E42-9A53-443D1D9F342B}.asd|Any CPU.Build.0 = asd|Any CPU
		{A89E9663-714F-4E42-9A53-443D1D9F342B}.asd|Mixed Platforms.ActiveCfg = asd|Any CPU
		{A89E9663-714F-4E42-9A53-443D1D9F342B}.asd|Mixed Platforms.Build.0 = asd|Any CPU
		{A89E9663-714F-4E42-9A53-443D1D9F342B}.asd|Win32.ActiveCfg = asd|Any CPU
		{A89E9663-714F-4E42-9A53-443D1D9F342B}.Debug|Any CPU.ActiveCfg = Debug|Any CPU
		{A89E9663-714F-4E42-9A53-443D1D9F342B}.Debug|Any CPU.Build.0 = Debug|Any CPU
		{A89E9663-714F-4E42-9A53-443D1D9F342B}.Debug|Mixed Platforms.ActiveCfg = Debug|Any CPU
		{A89E9663-714F-4E42-9A53-443D1D9F342B}.Debug|Mixed Platforms.Build.0 = Debug|Any CPU
		{A89E9663-714F-4E42-9A53-443D1D9F342B}.Debug|Win32.ActiveCfg = Debug|Any CPU
		{A89E9663-714F-4E42-9A53-443D1D9F342B}.Release|Any CPU.ActiveCfg = Release|Any CPU
		{A89E9663-714F-4E42-9A53-443D1D9F342B}.Release|Any CPU.Build.0 = Release|Any CPU
		{A89E9663-714F-4E42-9A53-443D1D9F342B}.Release|Mixed Platforms.ActiveCfg = Release|Any CPU
		{A89E9663-714F-4E42-9A53-443D1D9F342B}.Release|Mixed Platforms.Build.0 = Release|Any CPU
		{A89E9663-714F-4E42-9A53-443D1D9F342B}.Release|Win32.ActiveCfg = Release|Any CPU
		{4017D65D-C72B-491E-B263-E12DB6537382}.asd|Any CPU.ActiveCfg = Release|Any CPU
		{4017D65D-C72B-491E-B263-E12DB6537382}.asd|Any CPU.Build.0 = Release|Any CPU
		{4017D65D-C72B-491E-B263-E12DB6537382}.asd|Mixed Platforms.ActiveCfg = Release|Any CPU
		{4017D65D-C72B-491E-B263-E12DB6537382}.asd|Mixed Platforms.Build.0 = Release|Any CPU
		{4017D65D-C72B-491E-B263-E12DB6537382}.asd|Win32.ActiveCfg = Release|Any CPU
		{4017D65D-C72B-491E-B263-E12DB6537382}.Debug|Any CPU.ActiveCfg = Debug|Any CPU
		{4017D65D-C72B-491E-B263-E12DB6537382}.Debug|Any CPU.Build.0 = Debug|Any CPU
		{4017D65D-C72B-491E-B263-E12DB6537382}.Debug|Mixed Platforms.ActiveCfg = Debug|Any CPU
		{4017D65D-C72B-491E-B263-E12DB6537382}.Debug|Mixed Platforms.Build.0 = Debug|Any CPU
		{4017D65D-C72B-491E-B263-E12DB6537382}.Debug|Win32.ActiveCfg = Debug|Any CPU
		{4017D65D-C72B-491E-B263-E12DB6537382}.Release|Any CPU.ActiveCfg = Release|Any CPU
		{4017D65D-C72B-491E-B263-E12DB6537382}.Release|Any CPU.Build.0 = Release|Any CPU
		{4017D65D-C72B-491E-B263-E12DB6537382}.Release|Mixed Platforms.ActiveCfg = Release|Any CPU
		{4017D65D-C72B-491E-B263-E12DB6537382}.Release|Mixed Platforms.Build.0 = Release|Any CPU
		{4017D65D-C72B-491E-B263-E12DB6537382}.Release|Win32.ActiveCfg = Release|Any CPU
		{210DDF20-2CEA-4A2C-B2C6-D2EB7938BEB2}.asd|Any CPU.ActiveCfg = Release|Any CPU
		{210DDF20-2CEA-4A2C-B2C6-D2EB7938BEB2}.asd|Any CPU.Build.0 = Release|Any CPU
		{210DDF20-2CEA-4A2C-B2C6-D2EB7938BEB2}.asd|Mixed Platforms.ActiveCfg = Release|Any CPU
		{210DDF20-2CEA-4A2C-B2C6-D2EB7938BEB2}.asd|Mixed Platforms.Build.0 = Release|Any CPU
		{210DDF20-2CEA-4A2C-B2C6-D2EB7938BEB2}.asd|Win32.ActiveCfg = Release|Any CPU
		{210DDF20-2CEA-4A2C-B2C6-D2EB7938BEB2}.Debug|Any CPU.ActiveCfg = Debug|Any CPU
		{210DDF20-2CEA-4A2C-B2C6-D2EB7938BEB2}.Debug|Any CPU.Build.0 = Debug|Any CPU
		{210DDF20-2CEA-4A2C-B2C6-D2EB7938BEB2}.Debug|Mixed Platforms.ActiveCfg = Debug|Any CPU
		{210DDF20-2CEA-4A2C-B2C6-D2EB7938BEB2}.Debug|Mixed Platforms.Build.0 = Debug|Any CPU
		{210DDF20-2CEA-4A2C-B2C6-D2EB7938BEB2}.Debug|Win32.ActiveCfg = Debug|Any CPU
		{210DDF20-2CEA-4A2C-B2C6-D2EB7938BEB2}.Release|Any CPU.ActiveCfg = Release|Any CPU
		{210DDF20-2CEA-4A2C-B2C6-D2EB7938BEB2}.Release|Any CPU.Build.0 = Release|Any CPU
		{210DDF20-2CEA-4A2C-B2C6-D2EB7938BEB2}.Release|Mixed Platforms.ActiveCfg = Release|Any CPU
		{210DDF20-2CEA-4A2C-B2C6-D2EB7938BEB2}.Release|Mixed Platforms.Build.0 = Release|Any CPU
		{210DDF20-2CEA-4A2C-B2C6-D2EB7938BEB2}.Release|Win32.ActiveCfg = Release|Any CPU
		{8CE70FE1-C8EF-4E71-BDEB-8A56CC2C92BC}.asd|Any CPU.ActiveCfg = Release|Win32
		{8CE70FE1-C8EF-4E71-BDEB-8A56CC2C92BC}.asd|Mixed Platforms.ActiveCfg = Release|Win32
		{8CE70FE1-C8EF-4E71-BDEB-8A56CC2C92BC}.asd|Mixed Platforms.Build.0 = Release|Win32
		{8CE70FE1-C8EF-4E71-BDEB-8A56CC2C92BC}.asd|Win32.ActiveCfg = Release|Win32
		{8CE70FE1-C8EF-4E71-BDEB-8A56CC2C92BC}.asd|Win32.Build.0 = Release|Win32
		{8CE70FE1-C8EF-4E71-BDEB-8A56CC2C92BC}.Debug|Any CPU.ActiveCfg = Debug|Win32
		{8CE70FE1-C8EF-4E71-BDEB-8A56CC2C92BC}.Debug|Mixed Platforms.ActiveCfg = Debug|Win32
		{8CE70FE1-C8EF-4E71-BDEB-8A56CC2C92BC}.Debug|Mixed Platforms.Build.0 = Debug|Win32
		{8CE70FE1-C8EF-4E71-BDEB-8A56CC2C92BC}.Debug|Win32.ActiveCfg = Debug|Win32
		{8CE70FE1-C8EF-4E71-BDEB-8A56CC2C92BC}.Debug|Win32.Build.0 = Debug|Win32
		{8CE70FE1-C8EF-4E71-BDEB-8A56CC2C92BC}.Release|Any CPU.ActiveCfg = Release|Win32
		{8CE70FE1-C8EF-4E71-BDEB-8A56CC2C92BC}.Release|Mixed Platforms.ActiveCfg = Release|Win32
		{8CE70FE1-C8EF-4E71-BDEB-8A56CC2C92BC}.Release|Mixed Platforms.Build.0 = Release|Win32
		{8CE70FE1-C8EF-4E71-BDEB-8A56CC2C92BC}.Release|Win32.ActiveCfg = Release|Win32
		{8CE70FE1-C8EF-4E71-BDEB-8A56CC2C92BC}.Release|Win32.Build.0 = Release|Win32
	EndGlobalSection
	GlobalSection(SolutionProperties) = preSolution
		HideSolutionNode = FALSE
	EndGlobalSection
EndGlobal
