
Microsoft Visual Studio Solution File, Format Version 9.00
# Visual Studio 2005
Project("{2150E333-8FDC-42A3-9474-1A3956D46DE8}") = "Documents", "Documents", "{1BBD273B-87AF-441E-B9AC-C65731539EE1}"
	ProjectSection(WebsiteProperties) = preProject
		Debug.AspNetCompiler.Debug = "True"
		Release.AspNetCompiler.Debug = "False"
	EndProjectSection
	ProjectSection(SolutionItems) = preProject
		Documents\BasicGrid.png = Documents\BasicGrid.png
		Documents\BasicGrid2.png = Documents\BasicGrid2.png
		Documents\CellToolTip.png = Documents\CellToolTip.png
		SourceGrid.License.txt = SourceGrid.License.txt
		Documents\SourceGrid_EditorsCells.jpg = Documents\SourceGrid_EditorsCells.jpg
		Documents\SourceGrid_EN.html = Documents\SourceGrid_EN.html
		Documents\SourceGrid_Overview.cpt = Documents\SourceGrid_Overview.cpt
		Documents\SourceGrid_Overview.jpg = Documents\SourceGrid_Overview.jpg
		Documents\SourceGridMVC.GIF = Documents\SourceGridMVC.GIF
		Documents\style.css = Documents\style.css
	EndProjectSection
EndProject
Project("{FAE04EC0-301F-11D3-BF4B-00C04F79EFBC}") = "SourceGrid", "SourceGrid\SourceGrid.csproj", "{DA47B108-21C8-4293-8D4E-56FFF1ED45A5}"
	ProjectSection(WebsiteProperties) = preProject
		Debug.AspNetCompiler.Debug = "True"
		Release.AspNetCompiler.Debug = "False"
	EndProjectSection
EndProject
Project("{FAE04EC0-301F-11D3-BF4B-00C04F79EFBC}") = "SourceGrid.Extensions", "SourceGrid.Extensions\SourceGrid.Extensions.csproj", "{81925514-5708-4649-9538-36CAD48CF2D5}"
	ProjectSection(WebsiteProperties) = preProject
		Debug.AspNetCompiler.Debug = "True"
		Release.AspNetCompiler.Debug = "False"
	EndProjectSection
EndProject
Project("{FAE04EC0-301F-11D3-BF4B-00C04F79EFBC}") = "WindowsFormsSample", "WindowsFormsSample\WindowsFormsSample.csproj", "{6A077A72-7CEF-4198-96CB-1DE418F575F2}"
	ProjectSection(WebsiteProperties) = preProject
		Debug.AspNetCompiler.Debug = "True"
		Release.AspNetCompiler.Debug = "False"
	EndProjectSection
EndProject
Project("{FAE04EC0-301F-11D3-BF4B-00C04F79EFBC}") = "SourceGrid.Tests", "SourceGrid.Tests\SourceGrid.Tests.csproj", "{E9C1C112-7618-4815-8E4F-BA6D833EB73E}"
	ProjectSection(WebsiteProperties) = preProject
		Debug.AspNetCompiler.Debug = "True"
		Release.AspNetCompiler.Debug = "False"
	EndProjectSection
EndProject
Global
	GlobalSection(SolutionConfigurationPlatforms) = preSolution
		Debug|Any CPU = Debug|Any CPU
		Release|Any CPU = Release|Any CPU
	EndGlobalSection
	GlobalSection(ProjectConfigurationPlatforms) = postSolution
		{DA47B108-21C8-4293-8D4E-56FFF1ED45A5}.Debug|Any CPU.ActiveCfg = Debug|Any CPU
		{DA47B108-21C8-4293-8D4E-56FFF1ED45A5}.Debug|Any CPU.Build.0 = Debug|Any CPU
		{DA47B108-21C8-4293-8D4E-56FFF1ED45A5}.Release|Any CPU.ActiveCfg = Release|Any CPU
		{DA47B108-21C8-4293-8D4E-56FFF1ED45A5}.Release|Any CPU.Build.0 = Release|Any CPU
		{81925514-5708-4649-9538-36CAD48CF2D5}.Debug|Any CPU.ActiveCfg = Debug|Any CPU
		{81925514-5708-4649-9538-36CAD48CF2D5}.Debug|Any CPU.Build.0 = Debug|Any CPU
		{81925514-5708-4649-9538-36CAD48CF2D5}.Release|Any CPU.ActiveCfg = Release|Any CPU
		{81925514-5708-4649-9538-36CAD48CF2D5}.Release|Any CPU.Build.0 = Release|Any CPU
		{6A077A72-7CEF-4198-96CB-1DE418F575F2}.Debug|Any CPU.ActiveCfg = Debug|Any CPU
		{6A077A72-7CEF-4198-96CB-1DE418F575F2}.Debug|Any CPU.Build.0 = Debug|Any CPU
		{6A077A72-7CEF-4198-96CB-1DE418F575F2}.Release|Any CPU.ActiveCfg = Release|Any CPU
		{6A077A72-7CEF-4198-96CB-1DE418F575F2}.Release|Any CPU.Build.0 = Release|Any CPU
		{E9C1C112-7618-4815-8E4F-BA6D833EB73E}.Debug|Any CPU.ActiveCfg = Debug|Any CPU
		{E9C1C112-7618-4815-8E4F-BA6D833EB73E}.Debug|Any CPU.Build.0 = Debug|Any CPU
		{E9C1C112-7618-4815-8E4F-BA6D833EB73E}.Release|Any CPU.ActiveCfg = Release|Any CPU
		{E9C1C112-7618-4815-8E4F-BA6D833EB73E}.Release|Any CPU.Build.0 = Release|Any CPU
	EndGlobalSection
	GlobalSection(SolutionProperties) = preSolution
		HideSolutionNode = FALSE
	EndGlobalSection
EndGlobal
